
Microsoft Visual Studio Solution File, Format Version 12.00
# Visual Studio Version 17
VisualStudioVersion = 17.3.32922.545
MinimumVisualStudioVersion = 10.0.40219.1
Project("{FAE04EC0-301F-11D3-BF4B-00C04F79EFBC}") = "CreditForYou", "CreditForYou\CreditForYou.csproj", "{27D4AF5F-F395-433A-BD7E-B1C796D011FB}"
EndProject
Global
	GlobalSection(SolutionConfigurationPlatforms) = preSolution
		Debug|Any CPU = Debug|Any CPU
		Release|Any CPU = Release|Any CPU
	EndGlobalSection
	GlobalSection(ProjectConfigurationPlatforms) = postSolution
		{27D4AF5F-F395-433A-BD7E-B1C796D011FB}.Debug|Any CPU.ActiveCfg = Debug|Any CPU
		{27D4AF5F-F395-433A-BD7E-B1C796D011FB}.Debug|Any CPU.Build.0 = Debug|Any CPU
		{27D4AF5F-F395-433A-BD7E-B1C796D011FB}.Release|Any CPU.ActiveCfg = Release|Any CPU
		{27D4AF5F-F395-433A-BD7E-B1C796D011FB}.Release|Any CPU.Build.0 = Release|Any CPU
	EndGlobalSection
	GlobalSection(SolutionProperties) = preSolution
		HideSolutionNode = FALSE
	EndGlobalSection
	GlobalSection(ExtensibilityGlobals) = postSolution
		SolutionGuid = {64722E97-0772-4C94-9D68-C0B2686F9044}
	EndGlobalSection
EndGlobal
